// !$*UTF8*$!
{
	archiveVersion = 1;
	classes = {
	};
	objectVersion = 46;
	objects = {

/* Begin PBXBuildFile section */
		E25709ED1903C6060083778B /* Foundation.framework in Frameworks */ = {isa = PBXBuildFile; fileRef = E25709EC1903C6060083778B /* Foundation.framework */; };
		E25709EF1903C6060083778B /* CoreGraphics.framework in Frameworks */ = {isa = PBXBuildFile; fileRef = E25709EE1903C6060083778B /* CoreGraphics.framework */; };
		E25709F11903C6060083778B /* UIKit.framework in Frameworks */ = {isa = PBXBuildFile; fileRef = E25709F01903C6060083778B /* UIKit.framework */; };
		E25709F71903C6060083778B /* InfoPlist.strings in Resources */ = {isa = PBXBuildFile; fileRef = E25709F51903C6060083778B /* InfoPlist.strings */; };
		E25709F91903C6060083778B /* main.m in Sources */ = {isa = PBXBuildFile; fileRef = E25709F81903C6060083778B /* main.m */; };
		E25709FD1903C6060083778B /* AppDelegate.m in Sources */ = {isa = PBXBuildFile; fileRef = E25709FC1903C6060083778B /* AppDelegate.m */; };
		E2570A001903C6060083778B /* Main.storyboard in Resources */ = {isa = PBXBuildFile; fileRef = E25709FE1903C6060083778B /* Main.storyboard */; };
		E2570A051903C6060083778B /* Images.xcassets in Resources */ = {isa = PBXBuildFile; fileRef = E2570A041903C6060083778B /* Images.xcassets */; };
		E2570A0C1903C6070083778B /* XCTest.framework in Frameworks */ = {isa = PBXBuildFile; fileRef = E2570A0B1903C6070083778B /* XCTest.framework */; };
		E2570A0D1903C6070083778B /* Foundation.framework in Frameworks */ = {isa = PBXBuildFile; fileRef = E25709EC1903C6060083778B /* Foundation.framework */; };
		E2570A0E1903C6070083778B /* UIKit.framework in Frameworks */ = {isa = PBXBuildFile; fileRef = E25709F01903C6060083778B /* UIKit.framework */; };
		E2570A161903C6070083778B /* InfoPlist.strings in Resources */ = {isa = PBXBuildFile; fileRef = E2570A141903C6070083778B /* InfoPlist.strings */; };
		E2570A181903C6070083778B /* CheckerPlusTests.m in Sources */ = {isa = PBXBuildFile; fileRef = E2570A171903C6070083778B /* CheckerPlusTests.m */; };
		E2570A261903C62C0083778B /* EntityDListDt.m in Sources */ = {isa = PBXBuildFile; fileRef = E2570A231903C62C0083778B /* EntityDListDt.m */; };
		E2570A271903C62C0083778B /* EntityDListHd.m in Sources */ = {isa = PBXBuildFile; fileRef = E2570A251903C62C0083778B /* EntityDListHd.m */; };
		E2570A331903C63D0083778B /* FMDatabase.m in Sources */ = {isa = PBXBuildFile; fileRef = E2570A2A1903C63D0083778B /* FMDatabase.m */; };
		E2570A341903C63D0083778B /* FMDatabaseAdditions.m in Sources */ = {isa = PBXBuildFile; fileRef = E2570A2C1903C63D0083778B /* FMDatabaseAdditions.m */; };
		E2570A351903C63D0083778B /* FMDatabasePool.m in Sources */ = {isa = PBXBuildFile; fileRef = E2570A2E1903C63D0083778B /* FMDatabasePool.m */; };
		E2570A361903C63D0083778B /* FMDatabaseQueue.m in Sources */ = {isa = PBXBuildFile; fileRef = E2570A301903C63D0083778B /* FMDatabaseQueue.m */; };
		E2570A371903C63D0083778B /* FMResultSet.m in Sources */ = {isa = PBXBuildFile; fileRef = E2570A321903C63D0083778B /* FMResultSet.m */; };
		E2570A421903C6530083778B /* DBConnector.m in Sources */ = {isa = PBXBuildFile; fileRef = E2570A391903C6530083778B /* DBConnector.m */; };
		E2570A431903C6530083778B /* TrMaster.m in Sources */ = {isa = PBXBuildFile; fileRef = E2570A3B1903C6530083778B /* TrMaster.m */; };
		E2570A441903C6530083778B /* ViewControllerList.m in Sources */ = {isa = PBXBuildFile; fileRef = E2570A3D1903C6530083778B /* ViewControllerList.m */; };
		E2570A451903C6530083778B /* ViewControllerList2.m in Sources */ = {isa = PBXBuildFile; fileRef = E2570A3F1903C6530083778B /* ViewControllerList2.m */; };
		E2570A461903C6530083778B /* ViewControllerTemp.m in Sources */ = {isa = PBXBuildFile; fileRef = E2570A411903C6530083778B /* ViewControllerTemp.m */; };
		E2570A481903C6AA0083778B /* libsqlite3.0.dylib in Frameworks */ = {isa = PBXBuildFile; fileRef = E2570A471903C6AA0083778B /* libsqlite3.0.dylib */; };
		E2595425190935D90003E2BD /* iconCell1.png in Resources */ = {isa = PBXBuildFile; fileRef = E2595424190935D90003E2BD /* iconCell1.png */; };
		E2595427190937990003E2BD /* iconCell0.png in Resources */ = {isa = PBXBuildFile; fileRef = E2595426190937990003E2BD /* iconCell0.png */; };
		E2A61B8619D765CF001D0A27 /* Launch Screen.xib in Resources */ = {isa = PBXBuildFile; fileRef = E2A61B8519D765CF001D0A27 /* Launch Screen.xib */; };
		E2B76A8F190B394700DE885C /* ViewControllerTemp2.m in Sources */ = {isa = PBXBuildFile; fileRef = E2B76A8E190B394700DE885C /* ViewControllerTemp2.m */; };
		E2B76A92190B3CB000DE885C /* ViewControllerTempNavi.m in Sources */ = {isa = PBXBuildFile; fileRef = E2B76A91190B3CB000DE885C /* ViewControllerTempNavi.m */; };
		E2B76A95190B3F5200DE885C /* ViewControllerTempData.m in Sources */ = {isa = PBXBuildFile; fileRef = E2B76A94190B3F5200DE885C /* ViewControllerTempData.m */; };
/* End PBXBuildFile section */

/* Begin PBXContainerItemProxy section */
		E2570A0F1903C6070083778B /* PBXContainerItemProxy */ = {
			isa = PBXContainerItemProxy;
			containerPortal = E25709E11903C6060083778B /* Project object */;
			proxyType = 1;
			remoteGlobalIDString = E25709E81903C6060083778B;
			remoteInfo = CheckerPlus;
		};
/* End PBXContainerItemProxy section */

/* Begin PBXFileReference section */
		E25709E91903C6060083778B /* CheckerPlus.app */ = {isa = PBXFileReference; explicitFileType = wrapper.application; includeInIndex = 0; path = CheckerPlus.app; sourceTree = BUILT_PRODUCTS_DIR; };
		E25709EC1903C6060083778B /* Foundation.framework */ = {isa = PBXFileReference; lastKnownFileType = wrapper.framework; name = Foundation.framework; path = System/Library/Frameworks/Foundation.framework; sourceTree = SDKROOT; };
		E25709EE1903C6060083778B /* CoreGraphics.framework */ = {isa = PBXFileReference; lastKnownFileType = wrapper.framework; name = CoreGraphics.framework; path = System/Library/Frameworks/CoreGraphics.framework; sourceTree = SDKROOT; };
		E25709F01903C6060083778B /* UIKit.framework */ = {isa = PBXFileReference; lastKnownFileType = wrapper.framework; name = UIKit.framework; path = System/Library/Frameworks/UIKit.framework; sourceTree = SDKROOT; };
		E25709F41903C6060083778B /* CheckerPlus-Info.plist */ = {isa = PBXFileReference; lastKnownFileType = text.plist.xml; path = "CheckerPlus-Info.plist"; sourceTree = "<group>"; };
		E25709F61903C6060083778B /* en */ = {isa = PBXFileReference; lastKnownFileType = text.plist.strings; name = en; path = en.lproj/InfoPlist.strings; sourceTree = "<group>"; };
		E25709F81903C6060083778B /* main.m */ = {isa = PBXFileReference; lastKnownFileType = sourcecode.c.objc; path = main.m; sourceTree = "<group>"; };
		E25709FA1903C6060083778B /* CheckerPlus-Prefix.pch */ = {isa = PBXFileReference; lastKnownFileType = sourcecode.c.h; path = "CheckerPlus-Prefix.pch"; sourceTree = "<group>"; };
		E25709FB1903C6060083778B /* AppDelegate.h */ = {isa = PBXFileReference; lastKnownFileType = sourcecode.c.h; path = AppDelegate.h; sourceTree = "<group>"; };
		E25709FC1903C6060083778B /* AppDelegate.m */ = {isa = PBXFileReference; lastKnownFileType = sourcecode.c.objc; path = AppDelegate.m; sourceTree = "<group>"; };
		E25709FF1903C6060083778B /* Base */ = {isa = PBXFileReference; lastKnownFileType = file.storyboard; name = Base; path = Base.lproj/Main.storyboard; sourceTree = "<group>"; };
		E2570A041903C6060083778B /* Images.xcassets */ = {isa = PBXFileReference; lastKnownFileType = folder.assetcatalog; path = Images.xcassets; sourceTree = "<group>"; };
		E2570A0A1903C6070083778B /* CheckerPlusTests.xctest */ = {isa = PBXFileReference; explicitFileType = wrapper.cfbundle; includeInIndex = 0; path = CheckerPlusTests.xctest; sourceTree = BUILT_PRODUCTS_DIR; };
		E2570A0B1903C6070083778B /* XCTest.framework */ = {isa = PBXFileReference; lastKnownFileType = wrapper.framework; name = XCTest.framework; path = Library/Frameworks/XCTest.framework; sourceTree = DEVELOPER_DIR; };
		E2570A131903C6070083778B /* CheckerPlusTests-Info.plist */ = {isa = PBXFileReference; lastKnownFileType = text.plist.xml; path = "CheckerPlusTests-Info.plist"; sourceTree = "<group>"; };
		E2570A151903C6070083778B /* en */ = {isa = PBXFileReference; lastKnownFileType = text.plist.strings; name = en; path = en.lproj/InfoPlist.strings; sourceTree = "<group>"; };
		E2570A171903C6070083778B /* CheckerPlusTests.m */ = {isa = PBXFileReference; lastKnownFileType = sourcecode.c.objc; path = CheckerPlusTests.m; sourceTree = "<group>"; };
		E2570A221903C62C0083778B /* EntityDListDt.h */ = {isa = PBXFileReference; fileEncoding = 4; lastKnownFileType = sourcecode.c.h; path = EntityDListDt.h; sourceTree = "<group>"; };
		E2570A231903C62C0083778B /* EntityDListDt.m */ = {isa = PBXFileReference; fileEncoding = 4; lastKnownFileType = sourcecode.c.objc; path = EntityDListDt.m; sourceTree = "<group>"; };
		E2570A241903C62C0083778B /* EntityDListHd.h */ = {isa = PBXFileReference; fileEncoding = 4; lastKnownFileType = sourcecode.c.h; path = EntityDListHd.h; sourceTree = "<group>"; };
		E2570A251903C62C0083778B /* EntityDListHd.m */ = {isa = PBXFileReference; fileEncoding = 4; lastKnownFileType = sourcecode.c.objc; path = EntityDListHd.m; sourceTree = "<group>"; };
		E2570A291903C63D0083778B /* FMDatabase.h */ = {isa = PBXFileReference; fileEncoding = 4; lastKnownFileType = sourcecode.c.h; path = FMDatabase.h; sourceTree = "<group>"; };
		E2570A2A1903C63D0083778B /* FMDatabase.m */ = {isa = PBXFileReference; fileEncoding = 4; lastKnownFileType = sourcecode.c.objc; path = FMDatabase.m; sourceTree = "<group>"; };
		E2570A2B1903C63D0083778B /* FMDatabaseAdditions.h */ = {isa = PBXFileReference; fileEncoding = 4; lastKnownFileType = sourcecode.c.h; path = FMDatabaseAdditions.h; sourceTree = "<group>"; };
		E2570A2C1903C63D0083778B /* FMDatabaseAdditions.m */ = {isa = PBXFileReference; fileEncoding = 4; lastKnownFileType = sourcecode.c.objc; path = FMDatabaseAdditions.m; sourceTree = "<group>"; };
		E2570A2D1903C63D0083778B /* FMDatabasePool.h */ = {isa = PBXFileReference; fileEncoding = 4; lastKnownFileType = sourcecode.c.h; path = FMDatabasePool.h; sourceTree = "<group>"; };
		E2570A2E1903C63D0083778B /* FMDatabasePool.m */ = {isa = PBXFileReference; fileEncoding = 4; lastKnownFileType = sourcecode.c.objc; path = FMDatabasePool.m; sourceTree = "<group>"; };
		E2570A2F1903C63D0083778B /* FMDatabaseQueue.h */ = {isa = PBXFileReference; fileEncoding = 4; lastKnownFileType = sourcecode.c.h; path = FMDatabaseQueue.h; sourceTree = "<group>"; };
		E2570A301903C63D0083778B /* FMDatabaseQueue.m */ = {isa = PBXFileReference; fileEncoding = 4; lastKnownFileType = sourcecode.c.objc; path = FMDatabaseQueue.m; sourceTree = "<group>"; };
		E2570A311903C63D0083778B /* FMResultSet.h */ = {isa = PBXFileReference; fileEncoding = 4; lastKnownFileType = sourcecode.c.h; path = FMResultSet.h; sourceTree = "<group>"; };
		E2570A321903C63D0083778B /* FMResultSet.m */ = {isa = PBXFileReference; fileEncoding = 4; lastKnownFileType = sourcecode.c.objc; path = FMResultSet.m; sourceTree = "<group>"; };
		E2570A381903C6530083778B /* DBConnector.h */ = {isa = PBXFileReference; fileEncoding = 4; lastKnownFileType = sourcecode.c.h; path = DBConnector.h; sourceTree = "<group>"; };
		E2570A391903C6530083778B /* DBConnector.m */ = {isa = PBXFileReference; fileEncoding = 4; lastKnownFileType = sourcecode.c.objc; path = DBConnector.m; sourceTree = "<group>"; };
		E2570A3A1903C6530083778B /* TrMaster.h */ = {isa = PBXFileReference; fileEncoding = 4; lastKnownFileType = sourcecode.c.h; path = TrMaster.h; sourceTree = "<group>"; };
		E2570A3B1903C6530083778B /* TrMaster.m */ = {isa = PBXFileReference; fileEncoding = 4; lastKnownFileType = sourcecode.c.objc; path = TrMaster.m; sourceTree = "<group>"; };
		E2570A3C1903C6530083778B /* ViewControllerList.h */ = {isa = PBXFileReference; fileEncoding = 4; lastKnownFileType = sourcecode.c.h; path = ViewControllerList.h; sourceTree = "<group>"; };
		E2570A3D1903C6530083778B /* ViewControllerList.m */ = {isa = PBXFileReference; fileEncoding = 4; lastKnownFileType = sourcecode.c.objc; path = ViewControllerList.m; sourceTree = "<group>"; };
		E2570A3E1903C6530083778B /* ViewControllerList2.h */ = {isa = PBXFileReference; fileEncoding = 4; lastKnownFileType = sourcecode.c.h; path = ViewControllerList2.h; sourceTree = "<group>"; };
		E2570A3F1903C6530083778B /* ViewControllerList2.m */ = {isa = PBXFileReference; fileEncoding = 4; lastKnownFileType = sourcecode.c.objc; path = ViewControllerList2.m; sourceTree = "<group>"; };
		E2570A401903C6530083778B /* ViewControllerTemp.h */ = {isa = PBXFileReference; fileEncoding = 4; lastKnownFileType = sourcecode.c.h; path = ViewControllerTemp.h; sourceTree = "<group>"; };
		E2570A411903C6530083778B /* ViewControllerTemp.m */ = {isa = PBXFileReference; fileEncoding = 4; lastKnownFileType = sourcecode.c.objc; path = ViewControllerTemp.m; sourceTree = "<group>"; };
		E2570A471903C6AA0083778B /* libsqlite3.0.dylib */ = {isa = PBXFileReference; lastKnownFileType = "compiled.mach-o.dylib"; name = libsqlite3.0.dylib; path = usr/lib/libsqlite3.0.dylib; sourceTree = SDKROOT; };
		E2595424190935D90003E2BD /* iconCell1.png */ = {isa = PBXFileReference; lastKnownFileType = image.png; path = iconCell1.png; sourceTree = "<group>"; };
		E2595426190937990003E2BD /* iconCell0.png */ = {isa = PBXFileReference; lastKnownFileType = image.png; path = iconCell0.png; sourceTree = "<group>"; };
		E2A61B8519D765CF001D0A27 /* Launch Screen.xib */ = {isa = PBXFileReference; fileEncoding = 4; lastKnownFileType = file.xib; path = "Launch Screen.xib"; sourceTree = "<group>"; };
		E2B76A8D190B394700DE885C /* ViewControllerTemp2.h */ = {isa = PBXFileReference; fileEncoding = 4; lastKnownFileType = sourcecode.c.h; path = ViewControllerTemp2.h; sourceTree = "<group>"; };
		E2B76A8E190B394700DE885C /* ViewControllerTemp2.m */ = {isa = PBXFileReference; fileEncoding = 4; lastKnownFileType = sourcecode.c.objc; path = ViewControllerTemp2.m; sourceTree = "<group>"; };
		E2B76A90190B3CB000DE885C /* ViewControllerTempNavi.h */ = {isa = PBXFileReference; fileEncoding = 4; lastKnownFileType = sourcecode.c.h; path = ViewControllerTempNavi.h; sourceTree = "<group>"; };
		E2B76A91190B3CB000DE885C /* ViewControllerTempNavi.m */ = {isa = PBXFileReference; fileEncoding = 4; lastKnownFileType = sourcecode.c.objc; path = ViewControllerTempNavi.m; sourceTree = "<group>"; };
		E2B76A93190B3F5200DE885C /* ViewControllerTempData.h */ = {isa = PBXFileReference; fileEncoding = 4; lastKnownFileType = sourcecode.c.h; path = ViewControllerTempData.h; sourceTree = "<group>"; };
		E2B76A94190B3F5200DE885C /* ViewControllerTempData.m */ = {isa = PBXFileReference; fileEncoding = 4; lastKnownFileType = sourcecode.c.objc; path = ViewControllerTempData.m; sourceTree = "<group>"; };
/* End PBXFileReference section */

/* Begin PBXFrameworksBuildPhase section */
		E25709E61903C6060083778B /* Frameworks */ = {
			isa = PBXFrameworksBuildPhase;
			buildActionMask = 2147483647;
			files = (
				E2570A481903C6AA0083778B /* libsqlite3.0.dylib in Frameworks */,
				E25709EF1903C6060083778B /* CoreGraphics.framework in Frameworks */,
				E25709F11903C6060083778B /* UIKit.framework in Frameworks */,
				E25709ED1903C6060083778B /* Foundation.framework in Frameworks */,
			);
			runOnlyForDeploymentPostprocessing = 0;
		};
		E2570A071903C6070083778B /* Frameworks */ = {
			isa = PBXFrameworksBuildPhase;
			buildActionMask = 2147483647;
			files = (
				E2570A0C1903C6070083778B /* XCTest.framework in Frameworks */,
				E2570A0E1903C6070083778B /* UIKit.framework in Frameworks */,
				E2570A0D1903C6070083778B /* Foundation.framework in Frameworks */,
			);
			runOnlyForDeploymentPostprocessing = 0;
		};
/* End PBXFrameworksBuildPhase section */

/* Begin PBXGroup section */
		E25709E01903C6060083778B = {
			isa = PBXGroup;
			children = (
				E25709F21903C6060083778B /* CheckerPlus */,
				E2570A111903C6070083778B /* CheckerPlusTests */,
				E25709EB1903C6060083778B /* Frameworks */,
				E25709EA1903C6060083778B /* Products */,
			);
			sourceTree = "<group>";
		};
		E25709EA1903C6060083778B /* Products */ = {
			isa = PBXGroup;
			children = (
				E25709E91903C6060083778B /* CheckerPlus.app */,
				E2570A0A1903C6070083778B /* CheckerPlusTests.xctest */,
			);
			name = Products;
			sourceTree = "<group>";
		};
		E25709EB1903C6060083778B /* Frameworks */ = {
			isa = PBXGroup;
			children = (
				E2570A471903C6AA0083778B /* libsqlite3.0.dylib */,
				E25709EC1903C6060083778B /* Foundation.framework */,
				E25709EE1903C6060083778B /* CoreGraphics.framework */,
				E25709F01903C6060083778B /* UIKit.framework */,
				E2570A0B1903C6070083778B /* XCTest.framework */,
			);
			name = Frameworks;
			sourceTree = "<group>";
		};
		E25709F21903C6060083778B /* CheckerPlus */ = {
			isa = PBXGroup;
			children = (
				E2570A281903C6310083778B /* FMDB */,
				E2570A211903C6170083778B /* Entity */,
				E25709FB1903C6060083778B /* AppDelegate.h */,
				E25709FC1903C6060083778B /* AppDelegate.m */,
				E2595426190937990003E2BD /* iconCell0.png */,
				E2595424190935D90003E2BD /* iconCell1.png */,
				E25709FE1903C6060083778B /* Main.storyboard */,
				E2570A381903C6530083778B /* DBConnector.h */,
				E2570A391903C6530083778B /* DBConnector.m */,
				E2570A3A1903C6530083778B /* TrMaster.h */,
				E2570A3B1903C6530083778B /* TrMaster.m */,
				E2570A3C1903C6530083778B /* ViewControllerList.h */,
				E2570A3D1903C6530083778B /* ViewControllerList.m */,
				E2570A3E1903C6530083778B /* ViewControllerList2.h */,
				E2570A3F1903C6530083778B /* ViewControllerList2.m */,
				E2B76A93190B3F5200DE885C /* ViewControllerTempData.h */,
				E2B76A94190B3F5200DE885C /* ViewControllerTempData.m */,
				E2B76A90190B3CB000DE885C /* ViewControllerTempNavi.h */,
				E2B76A91190B3CB000DE885C /* ViewControllerTempNavi.m */,
				E2570A401903C6530083778B /* ViewControllerTemp.h */,
				E2570A411903C6530083778B /* ViewControllerTemp.m */,
				E2B76A8D190B394700DE885C /* ViewControllerTemp2.h */,
				E2B76A8E190B394700DE885C /* ViewControllerTemp2.m */,
				E2570A041903C6060083778B /* Images.xcassets */,
				E25709F31903C6060083778B /* Supporting Files */,
				E2A61B8519D765CF001D0A27 /* Launch Screen.xib */,
			);
			path = CheckerPlus;
			sourceTree = "<group>";
		};
		E25709F31903C6060083778B /* Supporting Files */ = {
			isa = PBXGroup;
			children = (
				E25709F41903C6060083778B /* CheckerPlus-Info.plist */,
				E25709F51903C6060083778B /* InfoPlist.strings */,
				E25709F81903C6060083778B /* main.m */,
				E25709FA1903C6060083778B /* CheckerPlus-Prefix.pch */,
			);
			name = "Supporting Files";
			sourceTree = "<group>";
		};
		E2570A111903C6070083778B /* CheckerPlusTests */ = {
			isa = PBXGroup;
			children = (
				E2570A171903C6070083778B /* CheckerPlusTests.m */,
				E2570A121903C6070083778B /* Supporting Files */,
			);
			path = CheckerPlusTests;
			sourceTree = "<group>";
		};
		E2570A121903C6070083778B /* Supporting Files */ = {
			isa = PBXGroup;
			children = (
				E2570A131903C6070083778B /* CheckerPlusTests-Info.plist */,
				E2570A141903C6070083778B /* InfoPlist.strings */,
			);
			name = "Supporting Files";
			sourceTree = "<group>";
		};
		E2570A211903C6170083778B /* Entity */ = {
			isa = PBXGroup;
			children = (
				E2570A241903C62C0083778B /* EntityDListHd.h */,
				E2570A251903C62C0083778B /* EntityDListHd.m */,
				E2570A221903C62C0083778B /* EntityDListDt.h */,
				E2570A231903C62C0083778B /* EntityDListDt.m */,
			);
			name = Entity;
			sourceTree = "<group>";
		};
		E2570A281903C6310083778B /* FMDB */ = {
			isa = PBXGroup;
			children = (
				E2570A291903C63D0083778B /* FMDatabase.h */,
				E2570A2A1903C63D0083778B /* FMDatabase.m */,
				E2570A2B1903C63D0083778B /* FMDatabaseAdditions.h */,
				E2570A2C1903C63D0083778B /* FMDatabaseAdditions.m */,
				E2570A2D1903C63D0083778B /* FMDatabasePool.h */,
				E2570A2E1903C63D0083778B /* FMDatabasePool.m */,
				E2570A2F1903C63D0083778B /* FMDatabaseQueue.h */,
				E2570A301903C63D0083778B /* FMDatabaseQueue.m */,
				E2570A311903C63D0083778B /* FMResultSet.h */,
				E2570A321903C63D0083778B /* FMResultSet.m */,
			);
			name = FMDB;
			sourceTree = "<group>";
		};
/* End PBXGroup section */

/* Begin PBXNativeTarget section */
		E25709E81903C6060083778B /* CheckerPlus */ = {
			isa = PBXNativeTarget;
			buildConfigurationList = E2570A1B1903C6070083778B /* Build configuration list for PBXNativeTarget "CheckerPlus" */;
			buildPhases = (
				E25709E51903C6060083778B /* Sources */,
				E25709E61903C6060083778B /* Frameworks */,
				E25709E71903C6060083778B /* Resources */,
			);
			buildRules = (
			);
			dependencies = (
			);
			name = CheckerPlus;
			productName = CheckerPlus;
			productReference = E25709E91903C6060083778B /* CheckerPlus.app */;
			productType = "com.apple.product-type.application";
		};
		E2570A091903C6070083778B /* CheckerPlusTests */ = {
			isa = PBXNativeTarget;
			buildConfigurationList = E2570A1E1903C6070083778B /* Build configuration list for PBXNativeTarget "CheckerPlusTests" */;
			buildPhases = (
				E2570A061903C6070083778B /* Sources */,
				E2570A071903C6070083778B /* Frameworks */,
				E2570A081903C6070083778B /* Resources */,
			);
			buildRules = (
			);
			dependencies = (
				E2570A101903C6070083778B /* PBXTargetDependency */,
			);
			name = CheckerPlusTests;
			productName = CheckerPlusTests;
			productReference = E2570A0A1903C6070083778B /* CheckerPlusTests.xctest */;
			productType = "com.apple.product-type.bundle.unit-test";
		};
/* End PBXNativeTarget section */

/* Begin PBXProject section */
		E25709E11903C6060083778B /* Project object */ = {
			isa = PBXProject;
			attributes = {
				LastUpgradeCheck = 0510;
				ORGANIZATIONNAME = "Yukihiro Maekawa";
				TargetAttributes = {
					E25709E81903C6060083778B = {
						DevelopmentTeam = 5PZAA4WG74;
					};
					E2570A091903C6070083778B = {
						TestTargetID = E25709E81903C6060083778B;
					};
				};
			};
			buildConfigurationList = E25709E41903C6060083778B /* Build configuration list for PBXProject "CheckerPlus" */;
			compatibilityVersion = "Xcode 3.2";
			developmentRegion = English;
			hasScannedForEncodings = 0;
			knownRegions = (
				en,
				Base,
			);
			mainGroup = E25709E01903C6060083778B;
			productRefGroup = E25709EA1903C6060083778B /* Products */;
			projectDirPath = "";
			projectRoot = "";
			targets = (
				E25709E81903C6060083778B /* CheckerPlus */,
				E2570A091903C6070083778B /* CheckerPlusTests */,
			);
		};
/* End PBXProject section */

/* Begin PBXResourcesBuildPhase section */
		E25709E71903C6060083778B /* Resources */ = {
			isa = PBXResourcesBuildPhase;
			buildActionMask = 2147483647;
			files = (
				E2570A051903C6060083778B /* Images.xcassets in Resources */,
				E2595427190937990003E2BD /* iconCell0.png in Resources */,
				E25709F71903C6060083778B /* InfoPlist.strings in Resources */,
				E2595425190935D90003E2BD /* iconCell1.png in Resources */,
				E2570A001903C6060083778B /* Main.storyboard in Resources */,
				E2A61B8619D765CF001D0A27 /* Launch Screen.xib in Resources */,
			);
			runOnlyForDeploymentPostprocessing = 0;
		};
		E2570A081903C6070083778B /* Resources */ = {
			isa = PBXResourcesBuildPhase;
			buildActionMask = 2147483647;
			files = (
				E2570A161903C6070083778B /* InfoPlist.strings in Resources */,
			);
			runOnlyForDeploymentPostprocessing = 0;
		};
/* End PBXResourcesBuildPhase section */

/* Begin PBXSourcesBuildPhase section */
		E25709E51903C6060083778B /* Sources */ = {
			isa = PBXSourcesBuildPhase;
			buildActionMask = 2147483647;
			files = (
				E2B76A8F190B394700DE885C /* ViewControllerTemp2.m in Sources */,
				E25709FD1903C6060083778B /* AppDelegate.m in Sources */,
				E2570A271903C62C0083778B /* EntityDListHd.m in Sources */,
				E2570A461903C6530083778B /* ViewControllerTemp.m in Sources */,
				E2B76A95190B3F5200DE885C /* ViewControllerTempData.m in Sources */,
				E2570A441903C6530083778B /* ViewControllerList.m in Sources */,
				E2570A331903C63D0083778B /* FMDatabase.m in Sources */,
				E2B76A92190B3CB000DE885C /* ViewControllerTempNavi.m in Sources */,
				E2570A371903C63D0083778B /* FMResultSet.m in Sources */,
				E25709F91903C6060083778B /* main.m in Sources */,
				E2570A351903C63D0083778B /* FMDatabasePool.m in Sources */,
				E2570A341903C63D0083778B /* FMDatabaseAdditions.m in Sources */,
				E2570A451903C6530083778B /* ViewControllerList2.m in Sources */,
				E2570A261903C62C0083778B /* EntityDListDt.m in Sources */,
				E2570A421903C6530083778B /* DBConnector.m in Sources */,
				E2570A361903C63D0083778B /* FMDatabaseQueue.m in Sources */,
				E2570A431903C6530083778B /* TrMaster.m in Sources */,
			);
			runOnlyForDeploymentPostprocessing = 0;
		};
		E2570A061903C6070083778B /* Sources */ = {
			isa = PBXSourcesBuildPhase;
			buildActionMask = 2147483647;
			files = (
				E2570A181903C6070083778B /* CheckerPlusTests.m in Sources */,
			);
			runOnlyForDeploymentPostprocessing = 0;
		};
/* End PBXSourcesBuildPhase section */

/* Begin PBXTargetDependency section */
		E2570A101903C6070083778B /* PBXTargetDependency */ = {
			isa = PBXTargetDependency;
			target = E25709E81903C6060083778B /* CheckerPlus */;
			targetProxy = E2570A0F1903C6070083778B /* PBXContainerItemProxy */;
		};
/* End PBXTargetDependency section */

/* Begin PBXVariantGroup section */
		E25709F51903C6060083778B /* InfoPlist.strings */ = {
			isa = PBXVariantGroup;
			children = (
				E25709F61903C6060083778B /* en */,
			);
			name = InfoPlist.strings;
			sourceTree = "<group>";
		};
		E25709FE1903C6060083778B /* Main.storyboard */ = {
			isa = PBXVariantGroup;
			children = (
				E25709FF1903C6060083778B /* Base */,
			);
			name = Main.storyboard;
			sourceTree = "<group>";
		};
		E2570A141903C6070083778B /* InfoPlist.strings */ = {
			isa = PBXVariantGroup;
			children = (
				E2570A151903C6070083778B /* en */,
			);
			name = InfoPlist.strings;
			sourceTree = "<group>";
		};
/* End PBXVariantGroup section */

/* Begin XCBuildConfiguration section */
		E2570A191903C6070083778B /* Debug */ = {
			isa = XCBuildConfiguration;
			buildSettings = {
				ALWAYS_SEARCH_USER_PATHS = NO;
				CLANG_CXX_LANGUAGE_STANDARD = "gnu++0x";
				CLANG_CXX_LIBRARY = "libc++";
				CLANG_ENABLE_MODULES = YES;
				CLANG_ENABLE_OBJC_ARC = YES;
				CLANG_WARN_BOOL_CONVERSION = YES;
				CLANG_WARN_CONSTANT_CONVERSION = YES;
				CLANG_WARN_DIRECT_OBJC_ISA_USAGE = YES_ERROR;
				CLANG_WARN_EMPTY_BODY = YES;
				CLANG_WARN_ENUM_CONVERSION = YES;
				CLANG_WARN_INT_CONVERSION = YES;
				CLANG_WARN_OBJC_ROOT_CLASS = YES_ERROR;
				CLANG_WARN__DUPLICATE_METHOD_MATCH = YES;
				"CODE_SIGN_IDENTITY[sdk=iphoneos*]" = "iPhone Developer";
				COPY_PHASE_STRIP = NO;
				GCC_C_LANGUAGE_STANDARD = gnu99;
				GCC_DYNAMIC_NO_PIC = NO;
				GCC_OPTIMIZATION_LEVEL = 0;
				GCC_PREPROCESSOR_DEFINITIONS = (
					"DEBUG=1",
					"$(inherited)",
				);
				GCC_SYMBOLS_PRIVATE_EXTERN = NO;
				GCC_WARN_64_TO_32_BIT_CONVERSION = YES;
				GCC_WARN_ABOUT_RETURN_TYPE = YES_ERROR;
				GCC_WARN_UNDECLARED_SELECTOR = YES;
				GCC_WARN_UNINITIALIZED_AUTOS = YES_AGGRESSIVE;
				GCC_WARN_UNUSED_FUNCTION = YES;
				GCC_WARN_UNUSED_VARIABLE = YES;
				IPHONEOS_DEPLOYMENT_TARGET = 7.0;
				ONLY_ACTIVE_ARCH = YES;
				SDKROOT = iphoneos;
			};
			name = Debug;
		};
		E2570A1A1903C6070083778B /* Release */ = {
			isa = XCBuildConfiguration;
			buildSettings = {
				ALWAYS_SEARCH_USER_PATHS = NO;
				CLANG_CXX_LANGUAGE_STANDARD = "gnu++0x";
				CLANG_CXX_LIBRARY = "libc++";
				CLANG_ENABLE_MODULES = YES;
				CLANG_ENABLE_OBJC_ARC = YES;
				CLANG_WARN_BOOL_CONVERSION = YES;
				CLANG_WARN_CONSTANT_CONVERSION = YES;
				CLANG_WARN_DIRECT_OBJC_ISA_USAGE = YES_ERROR;
				CLANG_WARN_EMPTY_BODY = YES;
				CLANG_WARN_ENUM_CONVERSION = YES;
				CLANG_WARN_INT_CONVERSION = YES;
				CLANG_WARN_OBJC_ROOT_CLASS = YES_ERROR;
				CLANG_WARN__DUPLICATE_METHOD_MATCH = YES;
				CODE_SIGN_IDENTITY = "iPhone Distribution: YUKIHIRO MAEKAWA (5PZAA4WG74)";
				"CODE_SIGN_IDENTITY[sdk=iphoneos*]" = "iPhone Distribution: YUKIHIRO MAEKAWA (5PZAA4WG74)";
				COPY_PHASE_STRIP = YES;
				ENABLE_NS_ASSERTIONS = NO;
				GCC_C_LANGUAGE_STANDARD = gnu99;
				GCC_WARN_64_TO_32_BIT_CONVERSION = YES;
				GCC_WARN_ABOUT_RETURN_TYPE = YES_ERROR;
				GCC_WARN_UNDECLARED_SELECTOR = YES;
				GCC_WARN_UNINITIALIZED_AUTOS = YES_AGGRESSIVE;
				GCC_WARN_UNUSED_FUNCTION = YES;
				GCC_WARN_UNUSED_VARIABLE = YES;
				IPHONEOS_DEPLOYMENT_TARGET = 7.0;
				SDKROOT = iphoneos;
				VALIDATE_PRODUCT = YES;
			};
			name = Release;
		};
		E2570A1C1903C6070083778B /* Debug */ = {
			isa = XCBuildConfiguration;
			buildSettings = {
				ASSETCATALOG_COMPILER_APPICON_NAME = AppIcon;
				ASSETCATALOG_COMPILER_LAUNCHIMAGE_NAME = LaunchImage;
				CODE_SIGN_IDENTITY = "iPhone Developer";
				GCC_PRECOMPILE_PREFIX_HEADER = YES;
				GCC_PREFIX_HEADER = "CheckerPlus/CheckerPlus-Prefix.pch";
				INFOPLIST_FILE = "CheckerPlus/CheckerPlus-Info.plist";
				IPHONEOS_DEPLOYMENT_TARGET = 7.0;
				PRODUCT_NAME = "$(TARGET_NAME)";
				WRAPPER_EXTENSION = app;
			};
			name = Debug;
		};
		E2570A1D1903C6070083778B /* Release */ = {
			isa = XCBuildConfiguration;
			buildSettings = {
				ASSETCATALOG_COMPILER_APPICON_NAME = AppIcon;
				ASSETCATALOG_COMPILER_LAUNCHIMAGE_NAME = LaunchImage;
				CODE_SIGN_IDENTITY = "iPhone Developer";
				GCC_PRECOMPILE_PREFIX_HEADER = YES;
				GCC_PREFIX_HEADER = "CheckerPlus/CheckerPlus-Prefix.pch";
				INFOPLIST_FILE = "CheckerPlus/CheckerPlus-Info.plist";
				IPHONEOS_DEPLOYMENT_TARGET = 7.0;
				PRODUCT_NAME = "$(TARGET_NAME)";
				WRAPPER_EXTENSION = app;
			};
			name = Release;
		};
		E2570A1F1903C6070083778B /* Debug */ = {
			isa = XCBuildConfiguration;
			buildSettings = {
				BUNDLE_LOADER = "$(BUILT_PRODUCTS_DIR)/CheckerPlus.app/CheckerPlus";
				FRAMEWORK_SEARCH_PATHS = (
					"$(SDKROOT)/Developer/Library/Frameworks",
					"$(inherited)",
					"$(DEVELOPER_FRAMEWORKS_DIR)",
				);
				GCC_PRECOMPILE_PREFIX_HEADER = YES;
				GCC_PREFIX_HEADER = "CheckerPlus/CheckerPlus-Prefix.pch";
				GCC_PREPROCESSOR_DEFINITIONS = (
					"DEBUG=1",
					"$(inherited)",
				);
				INFOPLIST_FILE = "CheckerPlusTests/CheckerPlusTests-Info.plist";
				PRODUCT_NAME = "$(TARGET_NAME)";
				TEST_HOST = "$(BUNDLE_LOADER)";
				WRAPPER_EXTENSION = xctest;
			};
			name = Debug;
		};
		E2570A201903C6070083778B /* Release */ = {
			isa = XCBuildConfiguration;
			buildSettings = {
				BUNDLE_LOADER = "$(BUILT_PRODUCTS_DIR)/CheckerPlus.app/CheckerPlus";
				FRAMEWORK_SEARCH_PATHS = (
					"$(SDKROOT)/Developer/Library/Frameworks",
					"$(inherited)",
					"$(DEVELOPER_FRAMEWORKS_DIR)",
				);
				GCC_PRECOMPILE_PREFIX_HEADER = YES;
				GCC_PREFIX_HEADER = "CheckerPlus/CheckerPlus-Prefix.pch";
				INFOPLIST_FILE = "CheckerPlusTests/CheckerPlusTests-Info.plist";
				PRODUCT_NAME = "$(TARGET_NAME)";
				TEST_HOST = "$(BUNDLE_LOADER)";
				WRAPPER_EXTENSION = xctest;
			};
			name = Release;
		};
/* End XCBuildConfiguration section */

/* Begin XCConfigurationList section */
		E25709E41903C6060083778B /* Build configuration list for PBXProject "CheckerPlus" */ = {
			isa = XCConfigurationList;
			buildConfigurations = (
				E2570A191903C6070083778B /* Debug */,
				E2570A1A1903C6070083778B /* Release */,
			);
			defaultConfigurationIsVisible = 0;
			defaultConfigurationName = Release;
		};
		E2570A1B1903C6070083778B /* Build configuration list for PBXNativeTarget "CheckerPlus" */ = {
			isa = XCConfigurationList;
			buildConfigurations = (
				E2570A1C1903C6070083778B /* Debug */,
				E2570A1D1903C6070083778B /* Release */,
			);
			defaultConfigurationIsVisible = 0;
			defaultConfigurationName = Release;
		};
		E2570A1E1903C6070083778B /* Build configuration list for PBXNativeTarget "CheckerPlusTests" */ = {
			isa = XCConfigurationList;
			buildConfigurations = (
				E2570A1F1903C6070083778B /* Debug */,
				E2570A201903C6070083778B /* Release */,
			);
			defaultConfigurationIsVisible = 0;
			defaultConfigurationName = Release;
		};
/* End XCConfigurationList section */
	};
	rootObject = E25709E11903C6060083778B /* Project object */;
}
